
Microsoft Visual Studio Solution File, Format Version 12.00
# Visual Studio Version 16
VisualStudioVersion = 16.0.31702.278
MinimumVisualStudioVersion = 10.0.40219.1
Project("{FAE04EC0-301F-11D3-BF4B-00C04F79EFBC}") = "LibraryManager", "LibraryManager\LibraryManager.csproj", "{5C6B871C-0B50-49FA-98A1-97A6381C1366}"
EndProject
Project("{FAE04EC0-301F-11D3-BF4B-00C04F79EFBC}") = "LibraryManager.Core", "LibraryManager.Core\LibraryManager.Core.csproj", "{E2A79565-BB4D-46C6-AEDB-E7E8BA714782}"
EndProject
Global
	GlobalSection(SolutionConfigurationPlatforms) = preSolution
		Debug|Any CPU = Debug|Any CPU
		Release|Any CPU = Release|Any CPU
	EndGlobalSection
	GlobalSection(ProjectConfigurationPlatforms) = postSolution
		{5C6B871C-0B50-49FA-98A1-97A6381C1366}.Debug|Any CPU.ActiveCfg = Debug|Any CPU
		{5C6B871C-0B50-49FA-98A1-97A6381C1366}.Debug|Any CPU.Build.0 = Debug|Any CPU
		{5C6B871C-0B50-49FA-98A1-97A6381C1366}.Release|Any CPU.ActiveCfg = Release|Any CPU
		{5C6B871C-0B50-49FA-98A1-97A6381C1366}.Release|Any CPU.Build.0 = Release|Any CPU
		{E2A79565-BB4D-46C6-AEDB-E7E8BA714782}.Debug|Any CPU.ActiveCfg = Debug|Any CPU
		{E2A79565-BB4D-46C6-AEDB-E7E8BA714782}.Debug|Any CPU.Build.0 = Debug|Any CPU
		{E2A79565-BB4D-46C6-AEDB-E7E8BA714782}.Release|Any CPU.ActiveCfg = Release|Any CPU
		{E2A79565-BB4D-46C6-AEDB-E7E8BA714782}.Release|Any CPU.Build.0 = Release|Any CPU
	EndGlobalSection
	GlobalSection(SolutionProperties) = preSolution
		HideSolutionNode = FALSE
	EndGlobalSection
	GlobalSection(ExtensibilityGlobals) = postSolution
		SolutionGuid = {CF1994D7-EC2E-409F-97A5-49241E83ADA8}
	EndGlobalSection
EndGlobal
